{
  "version": 4,
  "terraform_version": "1.6.3",
  "serial": 3,
  "lineage": "fc63e7ee-53c8-1bc9-07ff-1f43edee84b1",
  "outputs": {},
  "resources": [
    {
      "mode": "data",
      "type": "aws_iam_role",
      "name": "lab_role",
      "provider": "provider[\"registry.terraform.io/hashicorp/aws\"]",
      "instances": [
        {
          "schema_version": 0,
          "attributes": {
            "arn": "arn:aws:iam::482670056365:role/LabRole",
            "assume_role_policy": "{\"Version\":\"2012-10-17\",\"Statement\":[{\"Effect\":\"Allow\",\"Principal\":{\"AWS\":\"arn:aws:iam::482670056365:role/LabRole\",\"Service\":[\"lambda.amazonaws.com\",\"events.amazonaws.com\",\"codecommit.amazonaws.com\",\"databrew.amazonaws.com\",\"sns.amazonaws.com\",\"iotanalytics.amazonaws.com\",\"ecs-tasks.amazonaws.com\",\"servicecatalog.amazonaws.com\",\"backup.amazonaws.com\",\"forecast.amazonaws.com\",\"kinesisanalytics.amazonaws.com\",\"datapipeline.amazonaws.com\",\"iot.amazonaws.com\",\"dynamodb.amazonaws.com\",\"rds.amazonaws.com\",\"cognito-idp.amazonaws.com\",\"cloudfront.amazonaws.com\",\"eks-fargate-pods.amazonaws.com\",\"apigateway.amazonaws.com\",\"ec2.amazonaws.com\",\"s3.amazonaws.com\",\"kinesis.amazonaws.com\",\"personalize.amazonaws.com\",\"ec2.application-autoscaling.amazonaws.com\",\"elasticloadbalancing.amazonaws.com\",\"cloudformation.amazonaws.com\",\"sqs.amazonaws.com\",\"rekognition.amazonaws.com\",\"application-autoscaling.amazonaws.com\",\"eks.amazonaws.com\",\"elasticfilesystem.amazonaws.com\",\"codedeploy.amazonaws.com\",\"athena.amazonaws.com\",\"redshift.amazonaws.com\",\"ssm.amazonaws.com\",\"secretsmanager.amazonaws.com\",\"kendra.amazonaws.com\",\"quicksight.amazonaws.com\",\"resource-groups.amazonaws.com\",\"sagemaker.amazonaws.com\",\"autoscaling.amazonaws.com\",\"kms.amazonaws.com\",\"elasticmapreduce.amazonaws.com\",\"lex.amazonaws.com\",\"deepracer.amazonaws.com\",\"codewhisperer.amazonaws.com\",\"glue.amazonaws.com\",\"credentials.iot.amazonaws.com\",\"logs.amazonaws.com\",\"firehose.amazonaws.com\",\"cloudtrail.amazonaws.com\",\"batch.amazonaws.com\",\"storagegateway.amazonaws.com\",\"scheduler.amazonaws.com\",\"cloud9.amazonaws.com\",\"robomaker.amazonaws.com\",\"iotevents.amazonaws.com\",\"states.amazonaws.com\",\"elasticbeanstalk.amazonaws.com\"]},\"Action\":\"sts:AssumeRole\"}]}",
            "create_date": "2023-09-20T18:01:50Z",
            "description": "",
            "id": "LabRole",
            "max_session_duration": 3600,
            "name": "LabRole",
            "path": "/",
            "permissions_boundary": "",
            "tags": {
              "cloudlab": "c91845a2027522l4699332t1w482670056365"
            },
            "unique_id": "AROAXAYLASOWRZBKJFXYZ"
          },
          "sensitive_attributes": []
        }
      ]
    },
    {
      "mode": "managed",
      "type": "aws_lambda_function",
      "name": "test_lambda",
      "provider": "provider[\"registry.terraform.io/hashicorp/aws\"]",
      "instances": [
        {
          "schema_version": 0,
          "attributes": {
            "architectures": [
              "x86_64"
            ],
            "arn": "arn:aws:lambda:us-east-1:482670056365:function:haene_function",
            "code_signing_config_arn": "",
            "dead_letter_config": [],
            "description": "",
            "environment": [],
            "file_system_config": [],
            "filename": "stopEC2.zip",
            "function_name": "haene_function",
            "handler": "stopEC2.lambda_handler",
            "id": "haene_function",
            "image_config": [],
            "image_uri": "",
            "invoke_arn": "arn:aws:apigateway:us-east-1:lambda:path/2015-03-31/functions/arn:aws:lambda:us-east-1:482670056365:function:haene_function/invocations",
            "kms_key_arn": "",
            "last_modified": "2023-11-19T05:33:06.588+0000",
            "layers": null,
            "memory_size": 128,
            "package_type": "Zip",
            "publish": false,
            "qualified_arn": "arn:aws:lambda:us-east-1:482670056365:function:haene_function:$LATEST",
            "reserved_concurrent_executions": -1,
            "role": "arn:aws:iam::482670056365:role/LabRole",
            "runtime": "python3.9",
            "s3_bucket": null,
            "s3_key": null,
            "s3_object_version": null,
            "signing_job_arn": "",
            "signing_profile_version_arn": "",
            "source_code_hash": "vsz8liPwJZDJykhjoxr8ObHXZqOi0GKdKrpHBVwyFl0=",
            "source_code_size": 565,
            "tags": null,
            "tags_all": {},
            "timeout": 3,
            "timeouts": null,
            "tracing_config": [
              {
                "mode": "PassThrough"
              }
            ],
            "version": "$LATEST",
            "vpc_config": []
          },
          "sensitive_attributes": [],
          "private": "eyJlMmJmYjczMC1lY2FhLTExZTYtOGY4OC0zNDM2M2JjN2M0YzAiOnsiY3JlYXRlIjo2MDAwMDAwMDAwMDB9fQ==",
          "dependencies": [
            "data.aws_iam_role.lab_role"
          ]
        }
      ]
    }
  ],
  "check_results": null
}
